// !$*UTF8*$!
{
	archiveVersion = 1;
	classes = {
	};
	objectVersion = 56;
	objects = {

/* Begin PBXBuildFile section */
		3F2219AD2B3B1B5800C50321 /* FocusEntity in Frameworks */ = {isa = PBXBuildFile; productRef = 3F2219AC2B3B1B5800C50321 /* FocusEntity */; };
		3F69FA602B3AE73B00D528E4 /* AppDelegate.swift in Sources */ = {isa = PBXBuildFile; fileRef = 3F69FA5F2B3AE73B00D528E4 /* AppDelegate.swift */; };
		3F69FA622B3AE73B00D528E4 /* ContentView.swift in Sources */ = {isa = PBXBuildFile; fileRef = 3F69FA612B3AE73B00D528E4 /* ContentView.swift */; };
		3F69FA642B3AE73C00D528E4 /* Assets.xcassets in Resources */ = {isa = PBXBuildFile; fileRef = 3F69FA632B3AE73C00D528E4 /* Assets.xcassets */; };
		3F69FA672B3AE73C00D528E4 /* Preview Assets.xcassets in Resources */ = {isa = PBXBuildFile; fileRef = 3F69FA662B3AE73C00D528E4 /* Preview Assets.xcassets */; };
		3F69FA712B3AE73C00D528E4 /* AR_testTests.swift in Sources */ = {isa = PBXBuildFile; fileRef = 3F69FA702B3AE73C00D528E4 /* AR_testTests.swift */; };
		3F69FA7B2B3AE73C00D528E4 /* AR_testUITests.swift in Sources */ = {isa = PBXBuildFile; fileRef = 3F69FA7A2B3AE73C00D528E4 /* AR_testUITests.swift */; };
		3F69FA7D2B3AE73C00D528E4 /* AR_testUITestsLaunchTests.swift in Sources */ = {isa = PBXBuildFile; fileRef = 3F69FA7C2B3AE73C00D528E4 /* AR_testUITestsLaunchTests.swift */; };
		3F69FA8E2B3AF52C00D528E4 /* robot_walk.usdz in Resources */ = {isa = PBXBuildFile; fileRef = 3F69FA8B2B3AF52B00D528E4 /* robot_walk.usdz */; };
		3F69FA8F2B3AF52C00D528E4 /* toy_biplane.usdz in Resources */ = {isa = PBXBuildFile; fileRef = 3F69FA8C2B3AF52B00D528E4 /* toy_biplane.usdz */; };
		3F69FA902B3AF52C00D528E4 /* toy_drummer.usdz in Resources */ = {isa = PBXBuildFile; fileRef = 3F69FA8D2B3AF52C00D528E4 /* toy_drummer.usdz */; };
		3F75453B2B3B10B500AB2B0F /* Model_products.swift in Sources */ = {isa = PBXBuildFile; fileRef = 3F75453A2B3B10B500AB2B0F /* Model_products.swift */; };
/* End PBXBuildFile section */

/* Begin PBXContainerItemProxy section */
		3F69FA6D2B3AE73C00D528E4 /* PBXContainerItemProxy */ = {
			isa = PBXContainerItemProxy;
			containerPortal = 3F69FA542B3AE73B00D528E4 /* Project object */;
			proxyType = 1;
			remoteGlobalIDString = 3F69FA5B2B3AE73B00D528E4;
			remoteInfo = AR_test;
		};
		3F69FA772B3AE73C00D528E4 /* PBXContainerItemProxy */ = {
			isa = PBXContainerItemProxy;
			containerPortal = 3F69FA542B3AE73B00D528E4 /* Project object */;
			proxyType = 1;
			remoteGlobalIDString = 3F69FA5B2B3AE73B00D528E4;
			remoteInfo = AR_test;
		};
/* End PBXContainerItemProxy section */

/* Begin PBXFileReference section */
		3F69FA5C2B3AE73B00D528E4 /* AR_test.app */ = {isa = PBXFileReference; explicitFileType = wrapper.application; includeInIndex = 0; path = AR_test.app; sourceTree = BUILT_PRODUCTS_DIR; };
		3F69FA5F2B3AE73B00D528E4 /* AppDelegate.swift */ = {isa = PBXFileReference; lastKnownFileType = sourcecode.swift; path = AppDelegate.swift; sourceTree = "<group>"; };
		3F69FA612B3AE73B00D528E4 /* ContentView.swift */ = {isa = PBXFileReference; lastKnownFileType = sourcecode.swift; path = ContentView.swift; sourceTree = "<group>"; };
		3F69FA632B3AE73C00D528E4 /* Assets.xcassets */ = {isa = PBXFileReference; lastKnownFileType = folder.assetcatalog; path = Assets.xcassets; sourceTree = "<group>"; };
		3F69FA662B3AE73C00D528E4 /* Preview Assets.xcassets */ = {isa = PBXFileReference; lastKnownFileType = folder.assetcatalog; path = "Preview Assets.xcassets"; sourceTree = "<group>"; };
		3F69FA6C2B3AE73C00D528E4 /* AR_testTests.xctest */ = {isa = PBXFileReference; explicitFileType = wrapper.cfbundle; includeInIndex = 0; path = AR_testTests.xctest; sourceTree = BUILT_PRODUCTS_DIR; };
		3F69FA702B3AE73C00D528E4 /* AR_testTests.swift */ = {isa = PBXFileReference; lastKnownFileType = sourcecode.swift; path = AR_testTests.swift; sourceTree = "<group>"; };
		3F69FA762B3AE73C00D528E4 /* AR_testUITests.xctest */ = {isa = PBXFileReference; explicitFileType = wrapper.cfbundle; includeInIndex = 0; path = AR_testUITests.xctest; sourceTree = BUILT_PRODUCTS_DIR; };
		3F69FA7A2B3AE73C00D528E4 /* AR_testUITests.swift */ = {isa = PBXFileReference; lastKnownFileType = sourcecode.swift; path = AR_testUITests.swift; sourceTree = "<group>"; };
		3F69FA7C2B3AE73C00D528E4 /* AR_testUITestsLaunchTests.swift */ = {isa = PBXFileReference; lastKnownFileType = sourcecode.swift; path = AR_testUITestsLaunchTests.swift; sourceTree = "<group>"; };
		3F69FA8B2B3AF52B00D528E4 /* robot_walk.usdz */ = {isa = PBXFileReference; lastKnownFileType = file.usdz; path = robot_walk.usdz; sourceTree = "<group>"; };
		3F69FA8C2B3AF52B00D528E4 /* toy_biplane.usdz */ = {isa = PBXFileReference; lastKnownFileType = file.usdz; path = toy_biplane.usdz; sourceTree = "<group>"; };
		3F69FA8D2B3AF52C00D528E4 /* toy_drummer.usdz */ = {isa = PBXFileReference; lastKnownFileType = file.usdz; path = toy_drummer.usdz; sourceTree = "<group>"; };
		3F75453A2B3B10B500AB2B0F /* Model_products.swift */ = {isa = PBXFileReference; lastKnownFileType = sourcecode.swift; path = Model_products.swift; sourceTree = "<group>"; };
/* End PBXFileReference section */

/* Begin PBXFrameworksBuildPhase section */
		3F69FA592B3AE73B00D528E4 /* Frameworks */ = {
			isa = PBXFrameworksBuildPhase;
			buildActionMask = 2147483647;
			files = (
				3F2219AD2B3B1B5800C50321 /* FocusEntity in Frameworks */,
			);
			runOnlyForDeploymentPostprocessing = 0;
		};
		3F69FA692B3AE73C00D528E4 /* Frameworks */ = {
			isa = PBXFrameworksBuildPhase;
			buildActionMask = 2147483647;
			files = (
			);
			runOnlyForDeploymentPostprocessing = 0;
		};
		3F69FA732B3AE73C00D528E4 /* Frameworks */ = {
			isa = PBXFrameworksBuildPhase;
			buildActionMask = 2147483647;
			files = (
			);
			runOnlyForDeploymentPostprocessing = 0;
		};
/* End PBXFrameworksBuildPhase section */

/* Begin PBXGroup section */
		3F69FA532B3AE73B00D528E4 = {
			isa = PBXGroup;
			children = (
				3F69FA5E2B3AE73B00D528E4 /* AR_test */,
				3F69FA6F2B3AE73C00D528E4 /* AR_testTests */,
				3F69FA792B3AE73C00D528E4 /* AR_testUITests */,
				3F69FA5D2B3AE73B00D528E4 /* Products */,
			);
			sourceTree = "<group>";
		};
		3F69FA5D2B3AE73B00D528E4 /* Products */ = {
			isa = PBXGroup;
			children = (
				3F69FA5C2B3AE73B00D528E4 /* AR_test.app */,
				3F69FA6C2B3AE73C00D528E4 /* AR_testTests.xctest */,
				3F69FA762B3AE73C00D528E4 /* AR_testUITests.xctest */,
			);
			name = Products;
			sourceTree = "<group>";
		};
		3F69FA5E2B3AE73B00D528E4 /* AR_test */ = {
			isa = PBXGroup;
			children = (
				3F69FA5F2B3AE73B00D528E4 /* AppDelegate.swift */,
				3F69FA612B3AE73B00D528E4 /* ContentView.swift */,
				3F75453A2B3B10B500AB2B0F /* Model_products.swift */,
				3F69FA8A2B3AF4D500D528E4 /* Models */,
				3F69FA632B3AE73C00D528E4 /* Assets.xcassets */,
				3F69FA652B3AE73C00D528E4 /* Preview Content */,
			);
			path = AR_test;
			sourceTree = "<group>";
		};
		3F69FA652B3AE73C00D528E4 /* Preview Content */ = {
			isa = PBXGroup;
			children = (
				3F69FA662B3AE73C00D528E4 /* Preview Assets.xcassets */,
			);
			path = "Preview Content";
			sourceTree = "<group>";
		};
		3F69FA6F2B3AE73C00D528E4 /* AR_testTests */ = {
			isa = PBXGroup;
			children = (
				3F69FA702B3AE73C00D528E4 /* AR_testTests.swift */,
			);
			path = AR_testTests;
			sourceTree = "<group>";
		};
		3F69FA792B3AE73C00D528E4 /* AR_testUITests */ = {
			isa = PBXGroup;
			children = (
				3F69FA7A2B3AE73C00D528E4 /* AR_testUITests.swift */,
				3F69FA7C2B3AE73C00D528E4 /* AR_testUITestsLaunchTests.swift */,
			);
			path = AR_testUITests;
			sourceTree = "<group>";
		};
		3F69FA8A2B3AF4D500D528E4 /* Models */ = {
			isa = PBXGroup;
			children = (
				3F69FA8B2B3AF52B00D528E4 /* robot_walk.usdz */,
				3F69FA8C2B3AF52B00D528E4 /* toy_biplane.usdz */,
				3F69FA8D2B3AF52C00D528E4 /* toy_drummer.usdz */,
			);
			path = Models;
			sourceTree = "<group>";
		};
/* End PBXGroup section */

/* Begin PBXNativeTarget section */
		3F69FA5B2B3AE73B00D528E4 /* AR_test */ = {
			isa = PBXNativeTarget;
			buildConfigurationList = 3F69FA802B3AE73C00D528E4 /* Build configuration list for PBXNativeTarget "AR_test" */;
			buildPhases = (
				3F69FA582B3AE73B00D528E4 /* Sources */,
				3F69FA592B3AE73B00D528E4 /* Frameworks */,
				3F69FA5A2B3AE73B00D528E4 /* Resources */,
			);
			buildRules = (
			);
			dependencies = (
			);
			name = AR_test;
			packageProductDependencies = (
				3F2219AC2B3B1B5800C50321 /* FocusEntity */,
			);
			productName = AR_test;
			productReference = 3F69FA5C2B3AE73B00D528E4 /* AR_test.app */;
			productType = "com.apple.product-type.application";
		};
		3F69FA6B2B3AE73C00D528E4 /* AR_testTests */ = {
			isa = PBXNativeTarget;
			buildConfigurationList = 3F69FA832B3AE73C00D528E4 /* Build configuration list for PBXNativeTarget "AR_testTests" */;
			buildPhases = (
				3F69FA682B3AE73C00D528E4 /* Sources */,
				3F69FA692B3AE73C00D528E4 /* Frameworks */,
				3F69FA6A2B3AE73C00D528E4 /* Resources */,
			);
			buildRules = (
			);
			dependencies = (
				3F69FA6E2B3AE73C00D528E4 /* PBXTargetDependency */,
			);
			name = AR_testTests;
			productName = AR_testTests;
			productReference = 3F69FA6C2B3AE73C00D528E4 /* AR_testTests.xctest */;
			productType = "com.apple.product-type.bundle.unit-test";
		};
		3F69FA752B3AE73C00D528E4 /* AR_testUITests */ = {
			isa = PBXNativeTarget;
			buildConfigurationList = 3F69FA862B3AE73C00D528E4 /* Build configuration list for PBXNativeTarget "AR_testUITests" */;
			buildPhases = (
				3F69FA722B3AE73C00D528E4 /* Sources */,
				3F69FA732B3AE73C00D528E4 /* Frameworks */,
				3F69FA742B3AE73C00D528E4 /* Resources */,
			);
			buildRules = (
			);
			dependencies = (
				3F69FA782B3AE73C00D528E4 /* PBXTargetDependency */,
			);
			name = AR_testUITests;
			productName = AR_testUITests;
			productReference = 3F69FA762B3AE73C00D528E4 /* AR_testUITests.xctest */;
			productType = "com.apple.product-type.bundle.ui-testing";
		};
/* End PBXNativeTarget section */

/* Begin PBXProject section */
		3F69FA542B3AE73B00D528E4 /* Project object */ = {
			isa = PBXProject;
			attributes = {
				BuildIndependentTargetsInParallel = 1;
				LastSwiftUpdateCheck = 1510;
				LastUpgradeCheck = 1510;
				TargetAttributes = {
					3F69FA5B2B3AE73B00D528E4 = {
						CreatedOnToolsVersion = 15.1;
					};
					3F69FA6B2B3AE73C00D528E4 = {
						CreatedOnToolsVersion = 15.1;
						TestTargetID = 3F69FA5B2B3AE73B00D528E4;
					};
					3F69FA752B3AE73C00D528E4 = {
						CreatedOnToolsVersion = 15.1;
						TestTargetID = 3F69FA5B2B3AE73B00D528E4;
					};
				};
			};
			buildConfigurationList = 3F69FA572B3AE73B00D528E4 /* Build configuration list for PBXProject "AR_test" */;
			compatibilityVersion = "Xcode 14.0";
			developmentRegion = en;
			hasScannedForEncodings = 0;
			knownRegions = (
				en,
				Base,
			);
			mainGroup = 3F69FA532B3AE73B00D528E4;
			packageReferences = (
				3F2219AB2B3B1B5800C50321 /* XCRemoteSwiftPackageReference "FocusEntity" */,
			);
			productRefGroup = 3F69FA5D2B3AE73B00D528E4 /* Products */;
			projectDirPath = "";
			projectRoot = "";
			targets = (
				3F69FA5B2B3AE73B00D528E4 /* AR_test */,
				3F69FA6B2B3AE73C00D528E4 /* AR_testTests */,
				3F69FA752B3AE73C00D528E4 /* AR_testUITests */,
			);
		};
/* End PBXProject section */

/* Begin PBXResourcesBuildPhase section */
		3F69FA5A2B3AE73B00D528E4 /* Resources */ = {
			isa = PBXResourcesBuildPhase;
			buildActionMask = 2147483647;
			files = (
				3F69FA8F2B3AF52C00D528E4 /* toy_biplane.usdz in Resources */,
				3F69FA672B3AE73C00D528E4 /* Preview Assets.xcassets in Resources */,
				3F69FA642B3AE73C00D528E4 /* Assets.xcassets in Resources */,
				3F69FA8E2B3AF52C00D528E4 /* robot_walk.usdz in Resources */,
				3F69FA902B3AF52C00D528E4 /* toy_drummer.usdz in Resources */,
			);
			runOnlyForDeploymentPostprocessing = 0;
		};
		3F69FA6A2B3AE73C00D528E4 /* Resources */ = {
			isa = PBXResourcesBuildPhase;
			buildActionMask = 2147483647;
			files = (
			);
			runOnlyForDeploymentPostprocessing = 0;
		};
		3F69FA742B3AE73C00D528E4 /* Resources */ = {
			isa = PBXResourcesBuildPhase;
			buildActionMask = 2147483647;
			files = (
			);
			runOnlyForDeploymentPostprocessing = 0;
		};
/* End PBXResourcesBuildPhase section */

/* Begin PBXSourcesBuildPhase section */
		3F69FA582B3AE73B00D528E4 /* Sources */ = {
			isa = PBXSourcesBuildPhase;
			buildActionMask = 2147483647;
			files = (
				3F69FA622B3AE73B00D528E4 /* ContentView.swift in Sources */,
				3F75453B2B3B10B500AB2B0F /* Model_products.swift in Sources */,
				3F69FA602B3AE73B00D528E4 /* AppDelegate.swift in Sources */,
			);
			runOnlyForDeploymentPostprocessing = 0;
		};
		3F69FA682B3AE73C00D528E4 /* Sources */ = {
			isa = PBXSourcesBuildPhase;
			buildActionMask = 2147483647;
			files = (
				3F69FA712B3AE73C00D528E4 /* AR_testTests.swift in Sources */,
			);
			runOnlyForDeploymentPostprocessing = 0;
		};
		3F69FA722B3AE73C00D528E4 /* Sources */ = {
			isa = PBXSourcesBuildPhase;
			buildActionMask = 2147483647;
			files = (
				3F69FA7B2B3AE73C00D528E4 /* AR_testUITests.swift in Sources */,
				3F69FA7D2B3AE73C00D528E4 /* AR_testUITestsLaunchTests.swift in Sources */,
			);
			runOnlyForDeploymentPostprocessing = 0;
		};
/* End PBXSourcesBuildPhase section */

/* Begin PBXTargetDependency section */
		3F69FA6E2B3AE73C00D528E4 /* PBXTargetDependency */ = {
			isa = PBXTargetDependency;
			target = 3F69FA5B2B3AE73B00D528E4 /* AR_test */;
			targetProxy = 3F69FA6D2B3AE73C00D528E4 /* PBXContainerItemProxy */;
		};
		3F69FA782B3AE73C00D528E4 /* PBXTargetDependency */ = {
			isa = PBXTargetDependency;
			target = 3F69FA5B2B3AE73B00D528E4 /* AR_test */;
			targetProxy = 3F69FA772B3AE73C00D528E4 /* PBXContainerItemProxy */;
		};
/* End PBXTargetDependency section */

/* Begin XCBuildConfiguration section */
		3F69FA7E2B3AE73C00D528E4 /* Debug */ = {
			isa = XCBuildConfiguration;
			buildSettings = {
				ALWAYS_SEARCH_USER_PATHS = NO;
				ASSETCATALOG_COMPILER_GENERATE_SWIFT_ASSET_SYMBOL_EXTENSIONS = YES;
				CLANG_ANALYZER_NONNULL = YES;
				CLANG_ANALYZER_NUMBER_OBJECT_CONVERSION = YES_AGGRESSIVE;
				CLANG_CXX_LANGUAGE_STANDARD = "gnu++20";
				CLANG_ENABLE_MODULES = YES;
				CLANG_ENABLE_OBJC_ARC = YES;
				CLANG_ENABLE_OBJC_WEAK = YES;
				CLANG_WARN_BLOCK_CAPTURE_AUTORELEASING = YES;
				CLANG_WARN_BOOL_CONVERSION = YES;
				CLANG_WARN_COMMA = YES;
				CLANG_WARN_CONSTANT_CONVERSION = YES;
				CLANG_WARN_DEPRECATED_OBJC_IMPLEMENTATIONS = YES;
				CLANG_WARN_DIRECT_OBJC_ISA_USAGE = YES_ERROR;
				CLANG_WARN_DOCUMENTATION_COMMENTS = YES;
				CLANG_WARN_EMPTY_BODY = YES;
				CLANG_WARN_ENUM_CONVERSION = YES;
				CLANG_WARN_INFINITE_RECURSION = YES;
				CLANG_WARN_INT_CONVERSION = YES;
				CLANG_WARN_NON_LITERAL_NULL_CONVERSION = YES;
				CLANG_WARN_OBJC_IMPLICIT_RETAIN_SELF = YES;
				CLANG_WARN_OBJC_LITERAL_CONVERSION = YES;
				CLANG_WARN_OBJC_ROOT_CLASS = YES_ERROR;
				CLANG_WARN_QUOTED_INCLUDE_IN_FRAMEWORK_HEADER = YES;
				CLANG_WARN_RANGE_LOOP_ANALYSIS = YES;
				CLANG_WARN_STRICT_PROTOTYPES = YES;
				CLANG_WARN_SUSPICIOUS_MOVE = YES;
				CLANG_WARN_UNGUARDED_AVAILABILITY = YES_AGGRESSIVE;
				CLANG_WARN_UNREACHABLE_CODE = YES;
				CLANG_WARN__DUPLICATE_METHOD_MATCH = YES;
				COPY_PHASE_STRIP = NO;
				DEBUG_INFORMATION_FORMAT = dwarf;
				ENABLE_STRICT_OBJC_MSGSEND = YES;
				ENABLE_TESTABILITY = YES;
				ENABLE_USER_SCRIPT_SANDBOXING = YES;
				GCC_C_LANGUAGE_STANDARD = gnu17;
				GCC_DYNAMIC_NO_PIC = NO;
				GCC_NO_COMMON_BLOCKS = YES;
				GCC_OPTIMIZATION_LEVEL = 0;
				GCC_PREPROCESSOR_DEFINITIONS = (
					"DEBUG=1",
					"$(inherited)",
				);
				GCC_WARN_64_TO_32_BIT_CONVERSION = YES;
				GCC_WARN_ABOUT_RETURN_TYPE = YES_ERROR;
				GCC_WARN_UNDECLARED_SELECTOR = YES;
				GCC_WARN_UNINITIALIZED_AUTOS = YES_AGGRESSIVE;
				GCC_WARN_UNUSED_FUNCTION = YES;
				GCC_WARN_UNUSED_VARIABLE = YES;
				IPHONEOS_DEPLOYMENT_TARGET = 17.2;
				LOCALIZATION_PREFERS_STRING_CATALOGS = YES;
				MTL_ENABLE_DEBUG_INFO = INCLUDE_SOURCE;
				MTL_FAST_MATH = YES;
				ONLY_ACTIVE_ARCH = YES;
				SDKROOT = iphoneos;
				SWIFT_ACTIVE_COMPILATION_CONDITIONS = "DEBUG $(inherited)";
				SWIFT_OPTIMIZATION_LEVEL = "-Onone";
			};
			name = Debug;
		};
		3F69FA7F2B3AE73C00D528E4 /* Release */ = {
			isa = XCBuildConfiguration;
			buildSettings = {
				ALWAYS_SEARCH_USER_PATHS = NO;
				ASSETCATALOG_COMPILER_GENERATE_SWIFT_ASSET_SYMBOL_EXTENSIONS = YES;
				CLANG_ANALYZER_NONNULL = YES;
				CLANG_ANALYZER_NUMBER_OBJECT_CONVERSION = YES_AGGRESSIVE;
				CLANG_CXX_LANGUAGE_STANDARD = "gnu++20";
				CLANG_ENABLE_MODULES = YES;
				CLANG_ENABLE_OBJC_ARC = YES;
				CLANG_ENABLE_OBJC_WEAK = YES;
				CLANG_WARN_BLOCK_CAPTURE_AUTORELEASING = YES;
				CLANG_WARN_BOOL_CONVERSION = YES;
				CLANG_WARN_COMMA = YES;
				CLANG_WARN_CONSTANT_CONVERSION = YES;
				CLANG_WARN_DEPRECATED_OBJC_IMPLEMENTATIONS = YES;
				CLANG_WARN_DIRECT_OBJC_ISA_USAGE = YES_ERROR;
				CLANG_WARN_DOCUMENTATION_COMMENTS = YES;
				CLANG_WARN_EMPTY_BODY = YES;
				CLANG_WARN_ENUM_CONVERSION = YES;
				CLANG_WARN_INFINITE_RECURSION = YES;
				CLANG_WARN_INT_CONVERSION = YES;
				CLANG_WARN_NON_LITERAL_NULL_CONVERSION = YES;
				CLANG_WARN_OBJC_IMPLICIT_RETAIN_SELF = YES;
				CLANG_WARN_OBJC_LITERAL_CONVERSION = YES;
				CLANG_WARN_OBJC_ROOT_CLASS = YES_ERROR;
				CLANG_WARN_QUOTED_INCLUDE_IN_FRAMEWORK_HEADER = YES;
				CLANG_WARN_RANGE_LOOP_ANALYSIS = YES;
				CLANG_WARN_STRICT_PROTOTYPES = YES;
				CLANG_WARN_SUSPICIOUS_MOVE = YES;
				CLANG_WARN_UNGUARDED_AVAILABILITY = YES_AGGRESSIVE;
				CLANG_WARN_UNREACHABLE_CODE = YES;
				CLANG_WARN__DUPLICATE_METHOD_MATCH = YES;
				COPY_PHASE_STRIP = NO;
				DEBUG_INFORMATION_FORMAT = "dwarf-with-dsym";
				ENABLE_NS_ASSERTIONS = NO;
				ENABLE_STRICT_OBJC_MSGSEND = YES;
				ENABLE_USER_SCRIPT_SANDBOXING = YES;
				GCC_C_LANGUAGE_STANDARD = gnu17;
				GCC_NO_COMMON_BLOCKS = YES;
				GCC_WARN_64_TO_32_BIT_CONVERSION = YES;
				GCC_WARN_ABOUT_RETURN_TYPE = YES_ERROR;
				GCC_WARN_UNDECLARED_SELECTOR = YES;
				GCC_WARN_UNINITIALIZED_AUTOS = YES_AGGRESSIVE;
				GCC_WARN_UNUSED_FUNCTION = YES;
				GCC_WARN_UNUSED_VARIABLE = YES;
				IPHONEOS_DEPLOYMENT_TARGET = 17.2;
				LOCALIZATION_PREFERS_STRING_CATALOGS = YES;
				MTL_ENABLE_DEBUG_INFO = NO;
				MTL_FAST_MATH = YES;
				SDKROOT = iphoneos;
				SWIFT_COMPILATION_MODE = wholemodule;
				VALIDATE_PRODUCT = YES;
			};
			name = Release;
		};
		3F69FA812B3AE73C00D528E4 /* Debug */ = {
			isa = XCBuildConfiguration;
			buildSettings = {
				ASSETCATALOG_COMPILER_APPICON_NAME = AppIcon;
				ASSETCATALOG_COMPILER_GLOBAL_ACCENT_COLOR_NAME = AccentColor;
				CODE_SIGN_STYLE = Automatic;
				CURRENT_PROJECT_VERSION = 1;
				DEVELOPMENT_ASSET_PATHS = "\"AR_test/Preview Content\"";
				DEVELOPMENT_TEAM = QM79H73DD3;
				ENABLE_PREVIEWS = YES;
				GENERATE_INFOPLIST_FILE = YES;
				INFOPLIST_KEY_NSCameraUsageDescription = "Our app needs access to your camera to enabled to augmented reality experience";
				INFOPLIST_KEY_UIApplicationSupportsIndirectInputEvents = YES;
				INFOPLIST_KEY_UILaunchScreen_Generation = YES;
				INFOPLIST_KEY_UIRequiredDeviceCapabilities = arkit;
				INFOPLIST_KEY_UIStatusBarHidden = YES;
				INFOPLIST_KEY_UISupportedInterfaceOrientations_iPad = "UIInterfaceOrientationPortrait UIInterfaceOrientationPortraitUpsideDown UIInterfaceOrientationLandscapeLeft UIInterfaceOrientationLandscapeRight";
				INFOPLIST_KEY_UISupportedInterfaceOrientations_iPhone = "UIInterfaceOrientationPortrait UIInterfaceOrientationLandscapeLeft UIInterfaceOrientationLandscapeRight";
				LD_RUNPATH_SEARCH_PATHS = (
					"$(inherited)",
					"@executable_path/Frameworks",
				);
				MARKETING_VERSION = 1.0;
				PRODUCT_BUNDLE_IDENTIFIER = "settawatb.AR-test";
				PRODUCT_NAME = "$(TARGET_NAME)";
				SWIFT_EMIT_LOC_STRINGS = YES;
				SWIFT_VERSION = 5.0;
				TARGETED_DEVICE_FAMILY = "1,2";
			};
			name = Debug;
		};
		3F69FA822B3AE73C00D528E4 /* Release */ = {
			isa = XCBuildConfiguration;
			buildSettings = {
				ASSETCATALOG_COMPILER_APPICON_NAME = AppIcon;
				ASSETCATALOG_COMPILER_GLOBAL_ACCENT_COLOR_NAME = AccentColor;
				CODE_SIGN_STYLE = Automatic;
				CURRENT_PROJECT_VERSION = 1;
				DEVELOPMENT_ASSET_PATHS = "\"AR_test/Preview Content\"";
				DEVELOPMENT_TEAM = QM79H73DD3;
				ENABLE_PREVIEWS = YES;
				GENERATE_INFOPLIST_FILE = YES;
				INFOPLIST_KEY_NSCameraUsageDescription = "Our app needs access to your camera to enabled to augmented reality experience";
				INFOPLIST_KEY_UIApplicationSupportsIndirectInputEvents = YES;
				INFOPLIST_KEY_UILaunchScreen_Generation = YES;
				INFOPLIST_KEY_UIRequiredDeviceCapabilities = arkit;
				INFOPLIST_KEY_UIStatusBarHidden = YES;
				INFOPLIST_KEY_UISupportedInterfaceOrientations_iPad = "UIInterfaceOrientationPortrait UIInterfaceOrientationPortraitUpsideDown UIInterfaceOrientationLandscapeLeft UIInterfaceOrientationLandscapeRight";
				INFOPLIST_KEY_UISupportedInterfaceOrientations_iPhone = "UIInterfaceOrientationPortrait UIInterfaceOrientationLandscapeLeft UIInterfaceOrientationLandscapeRight";
				LD_RUNPATH_SEARCH_PATHS = (
					"$(inherited)",
					"@executable_path/Frameworks",
				);
				MARKETING_VERSION = 1.0;
				PRODUCT_BUNDLE_IDENTIFIER = "settawatb.AR-test";
				PRODUCT_NAME = "$(TARGET_NAME)";
				SWIFT_EMIT_LOC_STRINGS = YES;
				SWIFT_VERSION = 5.0;
				TARGETED_DEVICE_FAMILY = "1,2";
			};
			name = Release;
		};
		3F69FA842B3AE73C00D528E4 /* Debug */ = {
			isa = XCBuildConfiguration;
			buildSettings = {
				ALWAYS_EMBED_SWIFT_STANDARD_LIBRARIES = YES;
				BUNDLE_LOADER = "$(TEST_HOST)";
				CODE_SIGN_STYLE = Automatic;
				CURRENT_PROJECT_VERSION = 1;
				DEVELOPMENT_TEAM = QM79H73DD3;
				GENERATE_INFOPLIST_FILE = YES;
				IPHONEOS_DEPLOYMENT_TARGET = 17.2;
				MARKETING_VERSION = 1.0;
				PRODUCT_BUNDLE_IDENTIFIER = "settawatb.AR-testTests";
				PRODUCT_NAME = "$(TARGET_NAME)";
				SWIFT_EMIT_LOC_STRINGS = NO;
				SWIFT_VERSION = 5.0;
				TARGETED_DEVICE_FAMILY = "1,2";
				TEST_HOST = "$(BUILT_PRODUCTS_DIR)/AR_test.app/$(BUNDLE_EXECUTABLE_FOLDER_PATH)/AR_test";
			};
			name = Debug;
		};
		3F69FA852B3AE73C00D528E4 /* Release */ = {
			isa = XCBuildConfiguration;
			buildSettings = {
				ALWAYS_EMBED_SWIFT_STANDARD_LIBRARIES = YES;
				BUNDLE_LOADER = "$(TEST_HOST)";
				CODE_SIGN_STYLE = Automatic;
				CURRENT_PROJECT_VERSION = 1;
				DEVELOPMENT_TEAM = QM79H73DD3;
				GENERATE_INFOPLIST_FILE = YES;
				IPHONEOS_DEPLOYMENT_TARGET = 17.2;
				MARKETING_VERSION = 1.0;
				PRODUCT_BUNDLE_IDENTIFIER = "settawatb.AR-testTests";
				PRODUCT_NAME = "$(TARGET_NAME)";
				SWIFT_EMIT_LOC_STRINGS = NO;
				SWIFT_VERSION = 5.0;
				TARGETED_DEVICE_FAMILY = "1,2";
				TEST_HOST = "$(BUILT_PRODUCTS_DIR)/AR_test.app/$(BUNDLE_EXECUTABLE_FOLDER_PATH)/AR_test";
			};
			name = Release;
		};
		3F69FA872B3AE73C00D528E4 /* Debug */ = {
			isa = XCBuildConfiguration;
			buildSettings = {
				ALWAYS_EMBED_SWIFT_STANDARD_LIBRARIES = YES;
				CODE_SIGN_STYLE = Automatic;
				CURRENT_PROJECT_VERSION = 1;
				DEVELOPMENT_TEAM = QM79H73DD3;
				GENERATE_INFOPLIST_FILE = YES;
				MARKETING_VERSION = 1.0;
				PRODUCT_BUNDLE_IDENTIFIER = "settawatb.AR-testUITests";
				PRODUCT_NAME = "$(TARGET_NAME)";
				SWIFT_EMIT_LOC_STRINGS = NO;
				SWIFT_VERSION = 5.0;
				TARGETED_DEVICE_FAMILY = "1,2";
				TEST_TARGET_NAME = AR_test;
			};
			name = Debug;
		};
		3F69FA882B3AE73C00D528E4 /* Release */ = {
			isa = XCBuildConfiguration;
			buildSettings = {
				ALWAYS_EMBED_SWIFT_STANDARD_LIBRARIES = YES;
				CODE_SIGN_STYLE = Automatic;
				CURRENT_PROJECT_VERSION = 1;
				DEVELOPMENT_TEAM = QM79H73DD3;
				GENERATE_INFOPLIST_FILE = YES;
				MARKETING_VERSION = 1.0;
				PRODUCT_BUNDLE_IDENTIFIER = "settawatb.AR-testUITests";
				PRODUCT_NAME = "$(TARGET_NAME)";
				SWIFT_EMIT_LOC_STRINGS = NO;
				SWIFT_VERSION = 5.0;
				TARGETED_DEVICE_FAMILY = "1,2";
				TEST_TARGET_NAME = AR_test;
			};
			name = Release;
		};
/* End XCBuildConfiguration section */

/* Begin XCConfigurationList section */
		3F69FA572B3AE73B00D528E4 /* Build configuration list for PBXProject "AR_test" */ = {
			isa = XCConfigurationList;
			buildConfigurations = (
				3F69FA7E2B3AE73C00D528E4 /* Debug */,
				3F69FA7F2B3AE73C00D528E4 /* Release */,
			);
			defaultConfigurationIsVisible = 0;
			defaultConfigurationName = Release;
		};
		3F69FA802B3AE73C00D528E4 /* Build configuration list for PBXNativeTarget "AR_test" */ = {
			isa = XCConfigurationList;
			buildConfigurations = (
				3F69FA812B3AE73C00D528E4 /* Debug */,
				3F69FA822B3AE73C00D528E4 /* Release */,
			);
			defaultConfigurationIsVisible = 0;
			defaultConfigurationName = Release;
		};
		3F69FA832B3AE73C00D528E4 /* Build configuration list for PBXNativeTarget "AR_testTests" */ = {
			isa = XCConfigurationList;
			buildConfigurations = (
				3F69FA842B3AE73C00D528E4 /* Debug */,
				3F69FA852B3AE73C00D528E4 /* Release */,
			);
			defaultConfigurationIsVisible = 0;
			defaultConfigurationName = Release;
		};
		3F69FA862B3AE73C00D528E4 /* Build configuration list for PBXNativeTarget "AR_testUITests" */ = {
			isa = XCConfigurationList;
			buildConfigurations = (
				3F69FA872B3AE73C00D528E4 /* Debug */,
				3F69FA882B3AE73C00D528E4 /* Release */,
			);
			defaultConfigurationIsVisible = 0;
			defaultConfigurationName = Release;
		};
/* End XCConfigurationList section */

/* Begin XCRemoteSwiftPackageReference section */
		3F2219AB2B3B1B5800C50321 /* XCRemoteSwiftPackageReference "FocusEntity" */ = {
			isa = XCRemoteSwiftPackageReference;
			repositoryURL = "https://github.com/maxxfrazer/FocusEntity";
			requirement = {
				kind = upToNextMajorVersion;
				minimumVersion = 2.5.0;
			};
		};
/* End XCRemoteSwiftPackageReference section */

/* Begin XCSwiftPackageProductDependency section */
		3F2219AC2B3B1B5800C50321 /* FocusEntity */ = {
			isa = XCSwiftPackageProductDependency;
			package = 3F2219AB2B3B1B5800C50321 /* XCRemoteSwiftPackageReference "FocusEntity" */;
			productName = FocusEntity;
		};
/* End XCSwiftPackageProductDependency section */
	};
	rootObject = 3F69FA542B3AE73B00D528E4 /* Project object */;
}
